
Microsoft Visual Studio Solution File, Format Version 12.00
# Visual Studio Version 17
VisualStudioVersion = 17.3.32922.545
MinimumVisualStudioVersion = 10.0.40219.1
Project("{FAE04EC0-301F-11D3-BF4B-00C04F79EFBC}") = "LT-CSS", "LT-CSS\LT-CSS.csproj", "{BB235D4D-65B8-4AA9-B00A-DF93CD547224}"
EndProject
Global
	GlobalSection(SolutionConfigurationPlatforms) = preSolution
		Debug|Any CPU = Debug|Any CPU
		Release|Any CPU = Release|Any CPU
	EndGlobalSection
	GlobalSection(ProjectConfigurationPlatforms) = postSolution
		{BB235D4D-65B8-4AA9-B00A-DF93CD547224}.Debug|Any CPU.ActiveCfg = Debug|Any CPU
		{BB235D4D-65B8-4AA9-B00A-DF93CD547224}.Debug|Any CPU.Build.0 = Debug|Any CPU
		{BB235D4D-65B8-4AA9-B00A-DF93CD547224}.Release|Any CPU.ActiveCfg = Release|Any CPU
		{BB235D4D-65B8-4AA9-B00A-DF93CD547224}.Release|Any CPU.Build.0 = Release|Any CPU
	EndGlobalSection
	GlobalSection(SolutionProperties) = preSolution
		HideSolutionNode = FALSE
	EndGlobalSection
	GlobalSection(ExtensibilityGlobals) = postSolution
		SolutionGuid = {C3001651-5C7C-4206-BF8E-A633621DD93A}
	EndGlobalSection
EndGlobal
